
Microsoft Visual Studio Solution File, Format Version 12.00
# Visual Studio Version 17
VisualStudioVersion = 17.4.33110.190
MinimumVisualStudioVersion = 10.0.40219.1
Project("{FAE04EC0-301F-11D3-BF4B-00C04F79EFBC}") = "1990s_Shoes_Selling_Management", "1990s_Shoes_Selling_Management\1990s_Shoes_Selling_Management.csproj", "{A9A17B45-CF5E-4297-A34A-398E19C121E4}"
EndProject
Global
	GlobalSection(SolutionConfigurationPlatforms) = preSolution
		Debug|Any CPU = Debug|Any CPU
		Release|Any CPU = Release|Any CPU
	EndGlobalSection
	GlobalSection(ProjectConfigurationPlatforms) = postSolution
		{A9A17B45-CF5E-4297-A34A-398E19C121E4}.Debug|Any CPU.ActiveCfg = Debug|Any CPU
		{A9A17B45-CF5E-4297-A34A-398E19C121E4}.Debug|Any CPU.Build.0 = Debug|Any CPU
		{A9A17B45-CF5E-4297-A34A-398E19C121E4}.Release|Any CPU.ActiveCfg = Release|Any CPU
		{A9A17B45-CF5E-4297-A34A-398E19C121E4}.Release|Any CPU.Build.0 = Release|Any CPU
	EndGlobalSection
	GlobalSection(SolutionProperties) = preSolution
		HideSolutionNode = FALSE
	EndGlobalSection
	GlobalSection(ExtensibilityGlobals) = postSolution
		SolutionGuid = {D4D563E8-5D0C-41B4-81A9-9A3F5E04C021}
	EndGlobalSection
EndGlobal
